{
  "name": "mpc-hc-control",
  "version": "1.0.3",
  "lockfileVersion": 2,
  "requires": true,
  "packages": {
    "": {
      "name": "mpc-hc-control",
      "version": "1.0.3",
      "license": "MIT",
      "dependencies": {
        "axios": "^0.24.0",
        "lodash": "^4.17.10"
      },
      "devDependencies": {
        "@types/lodash": "^4.14.177",
        "@types/node": "^16.11.7"
      }
    },
    "node_modules/@types/lodash": {
      "version": "4.14.177",
      "resolved": "https://registry.npmjs.org/@types/lodash/-/lodash-4.14.177.tgz",
      "integrity": "sha512-0fDwydE2clKe9MNfvXHBHF9WEahRuj+msTuQqOmAApNORFvhMYZKNGGJdCzuhheVjMps/ti0Ak/iJPACMaevvw==",
      "dev": true
    },
    "node_modules/@types/node": {
      "version": "16.11.7",
      "resolved": "https://registry.npmjs.org/@types/node/-/node-16.11.7.tgz",
      "integrity": "sha512-QB5D2sqfSjCmTuWcBWyJ+/44bcjO7VbjSbOE0ucoVbAsSNQc4Lt6QkgkVXkTDwkL4z/beecZNDvVX15D4P8Jbw==",
      "dev": true
    },
    "node_modules/axios": {
      "version": "0.24.0",
      "resolved": "https://registry.npmjs.org/axios/-/axios-0.24.0.tgz",
      "integrity": "sha512-Q6cWsys88HoPgAaFAVUb0WpPk0O8iTeisR9IMqy9G8AbO4NlpVknrnQS03zzF9PGAWgO3cgletO3VjV/P7VztA==",
      "dependencies": {
        "follow-redirects": "^1.14.4"
      }
    },
    "node_modules/follow-redirects": {
      "version": "1.15.4",
      "resolved": "https://registry.npmjs.org/follow-redirects/-/follow-redirects-1.15.4.tgz",
      "integrity": "sha512-Cr4D/5wlrb0z9dgERpUL3LrmPKVDsETIJhaCMeDfuFYcqa5bldGV6wBsAN6X/vxlXQtFBMrXdXxdL8CbDTGniw==",
      "funding": [
        {
          "type": "individual",
          "url": "https://github.com/sponsors/RubenVerborgh"
        }
      ],
      "engines": {
        "node": ">=4.0"
      },
      "peerDependenciesMeta": {
        "debug": {
          "optional": true
        }
      }
    },
    "node_modules/lodash": {
      "version": "4.17.21",
      "resolved": "https://registry.npmjs.org/lodash/-/lodash-4.17.21.tgz",
      "integrity": "sha512-v2kDEe57lecTulaDIuNTPy3Ry4gLGJ6Z1O3vE1krgXZNrsQ+LFTGHVxVjcXPs17LhbZVGedAJv8XZ1tvj5FvSg=="
    }
  },
  "dependencies": {
    "@types/lodash": {
      "version": "4.14.177",
      "resolved": "https://registry.npmjs.org/@types/lodash/-/lodash-4.14.177.tgz",
      "integrity": "sha512-0fDwydE2clKe9MNfvXHBHF9WEahRuj+msTuQqOmAApNORFvhMYZKNGGJdCzuhheVjMps/ti0Ak/iJPACMaevvw==",
      "dev": true
    },
    "@types/node": {
      "version": "16.11.7",
      "resolved": "https://registry.npmjs.org/@types/node/-/node-16.11.7.tgz",
      "integrity": "sha512-QB5D2sqfSjCmTuWcBWyJ+/44bcjO7VbjSbOE0ucoVbAsSNQc4Lt6QkgkVXkTDwkL4z/beecZNDvVX15D4P8Jbw==",
      "dev": true
    },
    "axios": {
      "version": "0.24.0",
      "resolved": "https://registry.npmjs.org/axios/-/axios-0.24.0.tgz",
      "integrity": "sha512-Q6cWsys88HoPgAaFAVUb0WpPk0O8iTeisR9IMqy9G8AbO4NlpVknrnQS03zzF9PGAWgO3cgletO3VjV/P7VztA==",
      "requires": {
        "follow-redirects": "^1.14.4"
      }
    },
    "follow-redirects": {
      "version": "1.15.4",
      "resolved": "https://registry.npmjs.org/follow-redirects/-/follow-redirects-1.15.4.tgz",
      "integrity": "sha512-Cr4D/5wlrb0z9dgERpUL3LrmPKVDsETIJhaCMeDfuFYcqa5bldGV6wBsAN6X/vxlXQtFBMrXdXxdL8CbDTGniw=="
    },
    "lodash": {
      "version": "4.17.21",
      "resolved": "https://registry.npmjs.org/lodash/-/lodash-4.17.21.tgz",
      "integrity": "sha512-v2kDEe57lecTulaDIuNTPy3Ry4gLGJ6Z1O3vE1krgXZNrsQ+LFTGHVxVjcXPs17LhbZVGedAJv8XZ1tvj5FvSg=="
    }
  }
}
